
Microsoft Visual Studio Solution File, Format Version 12.00
# Visual Studio 2012
Project("{FAE04EC0-301F-11D3-BF4B-00C04F79EFBC}") = "Treenumerable", "Treenumerable\Treenumerable.csproj", "{0CB1E7AE-62E9-4F93-B2A8-0539BA16D552}"
EndProject
Project("{FAE04EC0-301F-11D3-BF4B-00C04F79EFBC}") = "Treenumerable.Tests", "Treenumerable.Tests\Treenumerable.Tests.csproj", "{0D4129B4-813B-44E6-AE4D-F298D8ECFD6F}"
EndProject
Global
	GlobalSection(SolutionConfigurationPlatforms) = preSolution
		Debug|Any CPU = Debug|Any CPU
		Release|Any CPU = Release|Any CPU
	EndGlobalSection
	GlobalSection(ProjectConfigurationPlatforms) = postSolution
		{0CB1E7AE-62E9-4F93-B2A8-0539BA16D552}.Debug|Any CPU.ActiveCfg = Debug|Any CPU
		{0CB1E7AE-62E9-4F93-B2A8-0539BA16D552}.Debug|Any CPU.Build.0 = Debug|Any CPU
		{0CB1E7AE-62E9-4F93-B2A8-0539BA16D552}.Release|Any CPU.ActiveCfg = Release|Any CPU
		{0CB1E7AE-62E9-4F93-B2A8-0539BA16D552}.Release|Any CPU.Build.0 = Release|Any CPU
		{0D4129B4-813B-44E6-AE4D-F298D8ECFD6F}.Debug|Any CPU.ActiveCfg = Debug|Any CPU
		{0D4129B4-813B-44E6-AE4D-F298D8ECFD6F}.Debug|Any CPU.Build.0 = Debug|Any CPU
		{0D4129B4-813B-44E6-AE4D-F298D8ECFD6F}.Release|Any CPU.ActiveCfg = Release|Any CPU
		{0D4129B4-813B-44E6-AE4D-F298D8ECFD6F}.Release|Any CPU.Build.0 = Release|Any CPU
	EndGlobalSection
	GlobalSection(SolutionProperties) = preSolution
		HideSolutionNode = FALSE
	EndGlobalSection
EndGlobal
